
Microsoft Visual Studio Solution File, Format Version 12.00
# Visual Studio Version 17
VisualStudioVersion = 17.2.32616.157
MinimumVisualStudioVersion = 10.0.40219.1
Project("{FAE04EC0-301F-11D3-BF4B-00C04F79EFBC}") = "SICPA", "SICPA\SICPA.csproj", "{F82188BC-53EE-4B10-B442-D55DE6C2391D}"
EndProject
Project("{FAE04EC0-301F-11D3-BF4B-00C04F79EFBC}") = "SICPA.DataAccess", "SICPA.DataAccess\SICPA.DataAccess.csproj", "{27E0F7D5-C74D-42CB-8935-8291D5E591F7}"
EndProject
Project("{FAE04EC0-301F-11D3-BF4B-00C04F79EFBC}") = "SICPA.Models", "SICPA.Models\SICPA.Models.csproj", "{6DF02F5C-717D-4DE5-AC36-F627E8D4A340}"
EndProject
Project("{2150E333-8FDC-42A3-9474-1A3956D46DE8}") = "Solution Items", "Solution Items", "{CC1D8788-15AE-43AF-934B-C16634D7EF2B}"
	ProjectSection(SolutionItems) = preProject
		.editorconfig = .editorconfig
	EndProjectSection
EndProject
Project("{FAE04EC0-301F-11D3-BF4B-00C04F79EFBC}") = "SICPA.API", "SICPA.API\SICPA.API.csproj", "{29A9EA09-9EAA-4BA9-886A-AA1698EB845D}"
EndProject
Global
	GlobalSection(SolutionConfigurationPlatforms) = preSolution
		Debug|Any CPU = Debug|Any CPU
		Release|Any CPU = Release|Any CPU
	EndGlobalSection
	GlobalSection(ProjectConfigurationPlatforms) = postSolution
		{F82188BC-53EE-4B10-B442-D55DE6C2391D}.Debug|Any CPU.ActiveCfg = Debug|Any CPU
		{F82188BC-53EE-4B10-B442-D55DE6C2391D}.Debug|Any CPU.Build.0 = Debug|Any CPU
		{F82188BC-53EE-4B10-B442-D55DE6C2391D}.Release|Any CPU.ActiveCfg = Release|Any CPU
		{F82188BC-53EE-4B10-B442-D55DE6C2391D}.Release|Any CPU.Build.0 = Release|Any CPU
		{27E0F7D5-C74D-42CB-8935-8291D5E591F7}.Debug|Any CPU.ActiveCfg = Debug|Any CPU
		{27E0F7D5-C74D-42CB-8935-8291D5E591F7}.Debug|Any CPU.Build.0 = Debug|Any CPU
		{27E0F7D5-C74D-42CB-8935-8291D5E591F7}.Release|Any CPU.ActiveCfg = Release|Any CPU
		{27E0F7D5-C74D-42CB-8935-8291D5E591F7}.Release|Any CPU.Build.0 = Release|Any CPU
		{6DF02F5C-717D-4DE5-AC36-F627E8D4A340}.Debug|Any CPU.ActiveCfg = Debug|Any CPU
		{6DF02F5C-717D-4DE5-AC36-F627E8D4A340}.Debug|Any CPU.Build.0 = Debug|Any CPU
		{6DF02F5C-717D-4DE5-AC36-F627E8D4A340}.Release|Any CPU.ActiveCfg = Release|Any CPU
		{6DF02F5C-717D-4DE5-AC36-F627E8D4A340}.Release|Any CPU.Build.0 = Release|Any CPU
		{29A9EA09-9EAA-4BA9-886A-AA1698EB845D}.Debug|Any CPU.ActiveCfg = Debug|Any CPU
		{29A9EA09-9EAA-4BA9-886A-AA1698EB845D}.Debug|Any CPU.Build.0 = Debug|Any CPU
		{29A9EA09-9EAA-4BA9-886A-AA1698EB845D}.Release|Any CPU.ActiveCfg = Release|Any CPU
		{29A9EA09-9EAA-4BA9-886A-AA1698EB845D}.Release|Any CPU.Build.0 = Release|Any CPU
	EndGlobalSection
	GlobalSection(SolutionProperties) = preSolution
		HideSolutionNode = FALSE
	EndGlobalSection
	GlobalSection(ExtensibilityGlobals) = postSolution
		SolutionGuid = {7920AE14-2452-4BF9-BC8C-16E97AFD7AFD}
	EndGlobalSection
EndGlobal
