
Microsoft Visual Studio Solution File, Format Version 12.00
# Visual Studio Version 17
VisualStudioVersion = 17.2.32616.157
MinimumVisualStudioVersion = 10.0.40219.1
Project("{FAE04EC0-301F-11D3-BF4B-00C04F79EFBC}") = "SICPA.API", "SICPA.API\SICPA.API.csproj", "{29A9EA09-9EAA-4BA9-886A-AA1698EB845D}"
EndProject
Global
	GlobalSection(SolutionConfigurationPlatforms) = preSolution
		Debug|Any CPU = Debug|Any CPU
		Release|Any CPU = Release|Any CPU
	EndGlobalSection
	GlobalSection(ProjectConfigurationPlatforms) = postSolution
		{29A9EA09-9EAA-4BA9-886A-AA1698EB845D}.Debug|Any CPU.ActiveCfg = Debug|Any CPU
		{29A9EA09-9EAA-4BA9-886A-AA1698EB845D}.Debug|Any CPU.Build.0 = Debug|Any CPU
		{29A9EA09-9EAA-4BA9-886A-AA1698EB845D}.Release|Any CPU.ActiveCfg = Release|Any CPU
		{29A9EA09-9EAA-4BA9-886A-AA1698EB845D}.Release|Any CPU.Build.0 = Release|Any CPU
	EndGlobalSection
	GlobalSection(SolutionProperties) = preSolution
		HideSolutionNode = FALSE
	EndGlobalSection
	GlobalSection(ExtensibilityGlobals) = postSolution
		SolutionGuid = {7920AE14-2452-4BF9-BC8C-16E97AFD7AFD}
	EndGlobalSection
EndGlobal
